// !$*UTF8*$!
{
	archiveVersion = 1;
	classes = {
	};
	objectVersion = 77;
	objects = {

/* Begin PBXBuildFile section */
		0EE3A0B5F33F9185235BD932 /* AiCleanupInfoView.swift in Sources */ = {isa = PBXBuildFile; fileRef = 41F13903D57CF4BA4E734A3C /* AiCleanupInfoView.swift */; };
		1208F945E6BABF2AFD3362B9 /* ModifierCombo.swift in Sources */ = {isa = PBXBuildFile; fileRef = 9A6674AE0A8390DD18313C5E /* ModifierCombo.swift */; };
		12E045F6B61A40ED87C5657F /* SystemSettingsURLTests.swift in Sources */ = {isa = PBXBuildFile; fileRef = 2BEC7D13F72E2E75574BB345 /* SystemSettingsURLTests.swift */; };
		176BD3C640724979F26904A0 /* CleanupService.swift in Sources */ = {isa = PBXBuildFile; fileRef = 02A6EC5970559A2E03C1B957 /* CleanupService.swift */; };
		18668EE01D6AAE03785B0B5B /* TranscriptionService.swift in Sources */ = {isa = PBXBuildFile; fileRef = D1E5718DD249C8651C7F1DB0 /* TranscriptionService.swift */; };
		1E25100633D4BAD07FA4144C /* PermissionManagerTests.swift in Sources */ = {isa = PBXBuildFile; fileRef = 6A066D94CA10532D0A572FA8 /* PermissionManagerTests.swift */; };
		22A84736FD3182B120F7D8DF /* FluidAudio in Frameworks */ = {isa = PBXBuildFile; productRef = 383C33859A15C6735C57D628 /* FluidAudio */; };
		2A0BC6A9E3318985B054375B /* PermissionRow.swift in Sources */ = {isa = PBXBuildFile; fileRef = 698EE4AB3AE54E73F4342A3B /* PermissionRow.swift */; };
		2CBB9E936439E4D8CA60F825 /* HotkeyManagerTests.swift in Sources */ = {isa = PBXBuildFile; fileRef = 70F70EF5ED301ED2D480B920 /* HotkeyManagerTests.swift */; };
		2CCDDDB512E51308F0A0D6D5 /* SystemSettingsURLs.swift in Sources */ = {isa = PBXBuildFile; fileRef = 9323B1AD9E85950CAD77E332 /* SystemSettingsURLs.swift */; };
		359481C22526F910DD910C0A /* KeyboardShortcuts+Names.swift in Sources */ = {isa = PBXBuildFile; fileRef = E8A0E6E52D5145B754E1607B /* KeyboardShortcuts+Names.swift */; };
		45D038611054F1572E02B007 /* CleanupPrompt.swift in Sources */ = {isa = PBXBuildFile; fileRef = 3D58759873E2741453F8005F /* CleanupPrompt.swift */; };
		46698DBA511869A97C904712 /* LlamaSwift in Frameworks */ = {isa = PBXBuildFile; productRef = B67D618B3FC76641FCD5FF5A /* LlamaSwift */; };
		46B52C3C05E290F9EF02A653 /* ModelDownloadServiceTests.swift in Sources */ = {isa = PBXBuildFile; fileRef = E09C1D66A0C3F4875FA7680F /* ModelDownloadServiceTests.swift */; };
		4EBD2D2867D12C548A2E7593 /* ModelWarmupService.swift in Sources */ = {isa = PBXBuildFile; fileRef = 44EEB61470B43106AF1E43A7 /* ModelWarmupService.swift */; };
		62DF49673ACC5EB9F14ABB40 /* TranscriptionResult.swift in Sources */ = {isa = PBXBuildFile; fileRef = A7AF3680DF47913CE527C5F1 /* TranscriptionResult.swift */; };
		651F32E3BC46F1B9053994C4 /* NotificationServiceTests.swift in Sources */ = {isa = PBXBuildFile; fileRef = 143CC8A466EB55916F9E58E4 /* NotificationServiceTests.swift */; };
		67FA1FADC5F248B873FC0D05 /* TranscriptionResultTests.swift in Sources */ = {isa = PBXBuildFile; fileRef = 5E8C78954BFBC85D227860FD /* TranscriptionResultTests.swift */; };
		69578D031785C73255C05ECF /* MenuBarView.swift in Sources */ = {isa = PBXBuildFile; fileRef = 7C0AE4167DCE62A3BC1B6392 /* MenuBarView.swift */; };
		6C8F73BDB45903BE78483A79 /* HotkeyManager.swift in Sources */ = {isa = PBXBuildFile; fileRef = 516F18D70F7720AD0779EA74 /* HotkeyManager.swift */; };
		6DB82EEF1BC7ABFDDF4ADDA2 /* TextInjector.swift in Sources */ = {isa = PBXBuildFile; fileRef = 66BF5BACDC7437ABA6D177B9 /* TextInjector.swift */; };
		7C2DE853EFA9D981F406B045 /* LastTranscriptionView.swift in Sources */ = {isa = PBXBuildFile; fileRef = BC0CAF13337A0AF85CB46BC3 /* LastTranscriptionView.swift */; };
		7C61B66CB6F5BB972C92FFFC /* TranscriptionServiceTests.swift in Sources */ = {isa = PBXBuildFile; fileRef = A4711E5E2A1A90B0A7DC48F3 /* TranscriptionServiceTests.swift */; };
		806F6BD047497440889BFB76 /* KeyboardShortcuts in Frameworks */ = {isa = PBXBuildFile; productRef = 7EEE03BE235B159651BA8FFD /* KeyboardShortcuts */; };
		8D907775FA002BFE1DC2F124 /* HotkeySettingsView.swift in Sources */ = {isa = PBXBuildFile; fileRef = 3C2FE4D163039817544B746E /* HotkeySettingsView.swift */; };
		9BA32438B0BD5B32F6E6C80D /* ModelDownloadService.swift in Sources */ = {isa = PBXBuildFile; fileRef = E33C8ABCB6D20C1919ADA580 /* ModelDownloadService.swift */; };
		A00810BCC1BC17FBEAB33FC3 /* WarmupRow.swift in Sources */ = {isa = PBXBuildFile; fileRef = B6356DF22A67C2BF0B6EF82B /* WarmupRow.swift */; };
		B6676509A8F22E2B5AD9D74C /* DicticusApp.swift in Sources */ = {isa = PBXBuildFile; fileRef = 00A6403E7E893BEB40EABCBD /* DicticusApp.swift */; };
		BFDB87F665D7FFABF0692E1A /* Assets.xcassets in Resources */ = {isa = PBXBuildFile; fileRef = 65F840B6DAF4061FED6C7E20 /* Assets.xcassets */; };
		C524718AC8111D53B30A01FD /* NotificationService.swift in Sources */ = {isa = PBXBuildFile; fileRef = 48F103886FBBE1F7D287929D /* NotificationService.swift */; };
		C88A581C1776F2B4EFC2C57C /* CleanupPromptTests.swift in Sources */ = {isa = PBXBuildFile; fileRef = 174AD8DEBAA5EAA8DF8734DB /* CleanupPromptTests.swift */; };
		D3C834B96567A3972B2AC116 /* PermissionManager.swift in Sources */ = {isa = PBXBuildFile; fileRef = 67E8F41AEFC9688C93191DD0 /* PermissionManager.swift */; };
		D40E4EE4B8E09E3462AA5918 /* ModelWarmupServiceTests.swift in Sources */ = {isa = PBXBuildFile; fileRef = CD829A0298332D7F8F73B3FE /* ModelWarmupServiceTests.swift */; };
		D7921F2027C4C789D2D31A62 /* DicticusTests.swift in Sources */ = {isa = PBXBuildFile; fileRef = 2499A2640576B94D1BA5CD41 /* DicticusTests.swift */; };
		DB9DA58FA9B5498FEC5F1394 /* LlamaSwift in Frameworks */ = {isa = PBXBuildFile; productRef = E1AE1705DB37CB26927A4AEB /* LlamaSwift */; };
		DCE6FEB9117C3D3A4AC2893C /* OnboardingView.swift in Sources */ = {isa = PBXBuildFile; fileRef = 190A391B6BC042BE1B56011B /* OnboardingView.swift */; };
		E3A6345E30D9044A3B74F2C1 /* ModifierHotkeyListener.swift in Sources */ = {isa = PBXBuildFile; fileRef = 4604034FBFBEA9E58ED356E9 /* ModifierHotkeyListener.swift */; };
		EFF84B780F9C7013E638D533 /* CleanupServiceTests.swift in Sources */ = {isa = PBXBuildFile; fileRef = C30BA4C657A1C41682A689F5 /* CleanupServiceTests.swift */; };
		F02F9ADF3A14E1893A9FB86C /* ModifierHotkeyListenerTests.swift in Sources */ = {isa = PBXBuildFile; fileRef = B9ACE74779B554BB24700B58 /* ModifierHotkeyListenerTests.swift */; };
		F091E0461FF34468152BD434 /* KeyboardShortcuts in Frameworks */ = {isa = PBXBuildFile; productRef = C2109BE8A6945F9B0A118D59 /* KeyboardShortcuts */; };
		F649510C18EE78D7333FB9C5 /* LaunchAtLogin in Frameworks */ = {isa = PBXBuildFile; productRef = 09CF30D7134E0AFC4C73F1EB /* LaunchAtLogin */; };
		F6BB8CBCCE3B9B70756B6C39 /* TextInjectorTests.swift in Sources */ = {isa = PBXBuildFile; fileRef = 49FEF465F3ABEBBFD0389EB5 /* TextInjectorTests.swift */; };
/* End PBXBuildFile section */

/* Begin PBXContainerItemProxy section */
		D2E3EE4385559D8132974C66 /* PBXContainerItemProxy */ = {
			isa = PBXContainerItemProxy;
			containerPortal = 230195C4D16486901F84A540 /* Project object */;
			proxyType = 1;
			remoteGlobalIDString = 196278924188207EC2516968;
			remoteInfo = Dicticus;
		};
/* End PBXContainerItemProxy section */

/* Begin PBXFileReference section */
		00A6403E7E893BEB40EABCBD /* DicticusApp.swift */ = {isa = PBXFileReference; lastKnownFileType = sourcecode.swift; path = DicticusApp.swift; sourceTree = "<group>"; };
		02A6EC5970559A2E03C1B957 /* CleanupService.swift */ = {isa = PBXFileReference; lastKnownFileType = sourcecode.swift; path = CleanupService.swift; sourceTree = "<group>"; };
		143CC8A466EB55916F9E58E4 /* NotificationServiceTests.swift */ = {isa = PBXFileReference; lastKnownFileType = sourcecode.swift; path = NotificationServiceTests.swift; sourceTree = "<group>"; };
		174AD8DEBAA5EAA8DF8734DB /* CleanupPromptTests.swift */ = {isa = PBXFileReference; lastKnownFileType = sourcecode.swift; path = CleanupPromptTests.swift; sourceTree = "<group>"; };
		190A391B6BC042BE1B56011B /* OnboardingView.swift */ = {isa = PBXFileReference; lastKnownFileType = sourcecode.swift; path = OnboardingView.swift; sourceTree = "<group>"; };
		2499A2640576B94D1BA5CD41 /* DicticusTests.swift */ = {isa = PBXFileReference; lastKnownFileType = sourcecode.swift; path = DicticusTests.swift; sourceTree = "<group>"; };
		2BEC7D13F72E2E75574BB345 /* SystemSettingsURLTests.swift */ = {isa = PBXFileReference; lastKnownFileType = sourcecode.swift; path = SystemSettingsURLTests.swift; sourceTree = "<group>"; };
		3C2FE4D163039817544B746E /* HotkeySettingsView.swift */ = {isa = PBXFileReference; lastKnownFileType = sourcecode.swift; path = HotkeySettingsView.swift; sourceTree = "<group>"; };
		3D58759873E2741453F8005F /* CleanupPrompt.swift */ = {isa = PBXFileReference; lastKnownFileType = sourcecode.swift; path = CleanupPrompt.swift; sourceTree = "<group>"; };
		41F13903D57CF4BA4E734A3C /* AiCleanupInfoView.swift */ = {isa = PBXFileReference; lastKnownFileType = sourcecode.swift; path = AiCleanupInfoView.swift; sourceTree = "<group>"; };
		44EEB61470B43106AF1E43A7 /* ModelWarmupService.swift */ = {isa = PBXFileReference; lastKnownFileType = sourcecode.swift; path = ModelWarmupService.swift; sourceTree = "<group>"; };
		4604034FBFBEA9E58ED356E9 /* ModifierHotkeyListener.swift */ = {isa = PBXFileReference; lastKnownFileType = sourcecode.swift; path = ModifierHotkeyListener.swift; sourceTree = "<group>"; };
		48F103886FBBE1F7D287929D /* NotificationService.swift */ = {isa = PBXFileReference; lastKnownFileType = sourcecode.swift; path = NotificationService.swift; sourceTree = "<group>"; };
		49FEF465F3ABEBBFD0389EB5 /* TextInjectorTests.swift */ = {isa = PBXFileReference; lastKnownFileType = sourcecode.swift; path = TextInjectorTests.swift; sourceTree = "<group>"; };
		516F18D70F7720AD0779EA74 /* HotkeyManager.swift */ = {isa = PBXFileReference; lastKnownFileType = sourcecode.swift; path = HotkeyManager.swift; sourceTree = "<group>"; };
		51DD0C4B358C8AFB21749F27 /* Dicticus.entitlements */ = {isa = PBXFileReference; lastKnownFileType = text.plist.entitlements; path = Dicticus.entitlements; sourceTree = "<group>"; };
		5E8C78954BFBC85D227860FD /* TranscriptionResultTests.swift */ = {isa = PBXFileReference; lastKnownFileType = sourcecode.swift; path = TranscriptionResultTests.swift; sourceTree = "<group>"; };
		65F840B6DAF4061FED6C7E20 /* Assets.xcassets */ = {isa = PBXFileReference; lastKnownFileType = folder.assetcatalog; path = Assets.xcassets; sourceTree = "<group>"; };
		66BF5BACDC7437ABA6D177B9 /* TextInjector.swift */ = {isa = PBXFileReference; lastKnownFileType = sourcecode.swift; path = TextInjector.swift; sourceTree = "<group>"; };
		67E8F41AEFC9688C93191DD0 /* PermissionManager.swift */ = {isa = PBXFileReference; lastKnownFileType = sourcecode.swift; path = PermissionManager.swift; sourceTree = "<group>"; };
		698EE4AB3AE54E73F4342A3B /* PermissionRow.swift */ = {isa = PBXFileReference; lastKnownFileType = sourcecode.swift; path = PermissionRow.swift; sourceTree = "<group>"; };
		6A066D94CA10532D0A572FA8 /* PermissionManagerTests.swift */ = {isa = PBXFileReference; lastKnownFileType = sourcecode.swift; path = PermissionManagerTests.swift; sourceTree = "<group>"; };
		70F70EF5ED301ED2D480B920 /* HotkeyManagerTests.swift */ = {isa = PBXFileReference; lastKnownFileType = sourcecode.swift; path = HotkeyManagerTests.swift; sourceTree = "<group>"; };
		72B1ACD1925702919C34DB3A /* Info.plist */ = {isa = PBXFileReference; lastKnownFileType = text.plist; path = Info.plist; sourceTree = "<group>"; };
		7C0AE4167DCE62A3BC1B6392 /* MenuBarView.swift */ = {isa = PBXFileReference; lastKnownFileType = sourcecode.swift; path = MenuBarView.swift; sourceTree = "<group>"; };
		9323B1AD9E85950CAD77E332 /* SystemSettingsURLs.swift */ = {isa = PBXFileReference; lastKnownFileType = sourcecode.swift; path = SystemSettingsURLs.swift; sourceTree = "<group>"; };
		960860ACFBAA1B6980CAC734 /* DicticusTests.xctest */ = {isa = PBXFileReference; explicitFileType = wrapper.cfbundle; includeInIndex = 0; path = DicticusTests.xctest; sourceTree = BUILT_PRODUCTS_DIR; };
		9A6674AE0A8390DD18313C5E /* ModifierCombo.swift */ = {isa = PBXFileReference; lastKnownFileType = sourcecode.swift; path = ModifierCombo.swift; sourceTree = "<group>"; };
		A4711E5E2A1A90B0A7DC48F3 /* TranscriptionServiceTests.swift */ = {isa = PBXFileReference; lastKnownFileType = sourcecode.swift; path = TranscriptionServiceTests.swift; sourceTree = "<group>"; };
		A7AF3680DF47913CE527C5F1 /* TranscriptionResult.swift */ = {isa = PBXFileReference; lastKnownFileType = sourcecode.swift; path = TranscriptionResult.swift; sourceTree = "<group>"; };
		B6356DF22A67C2BF0B6EF82B /* WarmupRow.swift */ = {isa = PBXFileReference; lastKnownFileType = sourcecode.swift; path = WarmupRow.swift; sourceTree = "<group>"; };
		B9ACE74779B554BB24700B58 /* ModifierHotkeyListenerTests.swift */ = {isa = PBXFileReference; lastKnownFileType = sourcecode.swift; path = ModifierHotkeyListenerTests.swift; sourceTree = "<group>"; };
		BC0CAF13337A0AF85CB46BC3 /* LastTranscriptionView.swift */ = {isa = PBXFileReference; lastKnownFileType = sourcecode.swift; path = LastTranscriptionView.swift; sourceTree = "<group>"; };
		C0781F7C404244283FCD9224 /* Dicticus.app */ = {isa = PBXFileReference; explicitFileType = wrapper.application; includeInIndex = 0; path = Dicticus.app; sourceTree = BUILT_PRODUCTS_DIR; };
		C30BA4C657A1C41682A689F5 /* CleanupServiceTests.swift */ = {isa = PBXFileReference; lastKnownFileType = sourcecode.swift; path = CleanupServiceTests.swift; sourceTree = "<group>"; };
		CD829A0298332D7F8F73B3FE /* ModelWarmupServiceTests.swift */ = {isa = PBXFileReference; lastKnownFileType = sourcecode.swift; path = ModelWarmupServiceTests.swift; sourceTree = "<group>"; };
		D1E5718DD249C8651C7F1DB0 /* TranscriptionService.swift */ = {isa = PBXFileReference; lastKnownFileType = sourcecode.swift; path = TranscriptionService.swift; sourceTree = "<group>"; };
		E09C1D66A0C3F4875FA7680F /* ModelDownloadServiceTests.swift */ = {isa = PBXFileReference; lastKnownFileType = sourcecode.swift; path = ModelDownloadServiceTests.swift; sourceTree = "<group>"; };
		E33C8ABCB6D20C1919ADA580 /* ModelDownloadService.swift */ = {isa = PBXFileReference; lastKnownFileType = sourcecode.swift; path = ModelDownloadService.swift; sourceTree = "<group>"; };
		E8A0E6E52D5145B754E1607B /* KeyboardShortcuts+Names.swift */ = {isa = PBXFileReference; lastKnownFileType = sourcecode.swift; path = "KeyboardShortcuts+Names.swift"; sourceTree = "<group>"; };
/* End PBXFileReference section */

/* Begin PBXFrameworksBuildPhase section */
		3B7E2500ADED809A3A9B4E74 /* Frameworks */ = {
			isa = PBXFrameworksBuildPhase;
			buildActionMask = 2147483647;
			files = (
				F091E0461FF34468152BD434 /* KeyboardShortcuts in Frameworks */,
				46698DBA511869A97C904712 /* LlamaSwift in Frameworks */,
			);
			runOnlyForDeploymentPostprocessing = 0;
		};
		D298D4A6CBA088479AD8BC40 /* Frameworks */ = {
			isa = PBXFrameworksBuildPhase;
			buildActionMask = 2147483647;
			files = (
				22A84736FD3182B120F7D8DF /* FluidAudio in Frameworks */,
				806F6BD047497440889BFB76 /* KeyboardShortcuts in Frameworks */,
				F649510C18EE78D7333FB9C5 /* LaunchAtLogin in Frameworks */,
				DB9DA58FA9B5498FEC5F1394 /* LlamaSwift in Frameworks */,
			);
			runOnlyForDeploymentPostprocessing = 0;
		};
/* End PBXFrameworksBuildPhase section */

/* Begin PBXGroup section */
		0F7B63C940B1B88673C53F69 /* Extensions */ = {
			isa = PBXGroup;
			children = (
				E8A0E6E52D5145B754E1607B /* KeyboardShortcuts+Names.swift */,
			);
			path = Extensions;
			sourceTree = "<group>";
		};
		25F3ED5DD24C1FE0234A468D /* Products */ = {
			isa = PBXGroup;
			children = (
				C0781F7C404244283FCD9224 /* Dicticus.app */,
				960860ACFBAA1B6980CAC734 /* DicticusTests.xctest */,
			);
			name = Products;
			sourceTree = "<group>";
		};
		2641F95BF32424A9EB45FDAD /* Models */ = {
			isa = PBXGroup;
			children = (
				3D58759873E2741453F8005F /* CleanupPrompt.swift */,
				9A6674AE0A8390DD18313C5E /* ModifierCombo.swift */,
				A7AF3680DF47913CE527C5F1 /* TranscriptionResult.swift */,
			);
			path = Models;
			sourceTree = "<group>";
		};
		5553AB83B3012ABB7823274A /* Dicticus */ = {
			isa = PBXGroup;
			children = (
				65F840B6DAF4061FED6C7E20 /* Assets.xcassets */,
				51DD0C4B358C8AFB21749F27 /* Dicticus.entitlements */,
				00A6403E7E893BEB40EABCBD /* DicticusApp.swift */,
				0F7B63C940B1B88673C53F69 /* Extensions */,
				72B1ACD1925702919C34DB3A /* Info.plist */,
				2641F95BF32424A9EB45FDAD /* Models */,
				F2BDD31317F7D53FF9069687 /* Services */,
				A274C9243C48A5F2EC63FC43 /* Utilities */,
				740B53ABA8F4E33530DA2A48 /* Views */,
			);
			path = Dicticus;
			sourceTree = "<group>";
		};
		5FDD026702632D8277248E0B /* DicticusTests */ = {
			isa = PBXGroup;
			children = (
				174AD8DEBAA5EAA8DF8734DB /* CleanupPromptTests.swift */,
				C30BA4C657A1C41682A689F5 /* CleanupServiceTests.swift */,
				2499A2640576B94D1BA5CD41 /* DicticusTests.swift */,
				70F70EF5ED301ED2D480B920 /* HotkeyManagerTests.swift */,
				E09C1D66A0C3F4875FA7680F /* ModelDownloadServiceTests.swift */,
				CD829A0298332D7F8F73B3FE /* ModelWarmupServiceTests.swift */,
				B9ACE74779B554BB24700B58 /* ModifierHotkeyListenerTests.swift */,
				143CC8A466EB55916F9E58E4 /* NotificationServiceTests.swift */,
				6A066D94CA10532D0A572FA8 /* PermissionManagerTests.swift */,
				2BEC7D13F72E2E75574BB345 /* SystemSettingsURLTests.swift */,
				49FEF465F3ABEBBFD0389EB5 /* TextInjectorTests.swift */,
				5E8C78954BFBC85D227860FD /* TranscriptionResultTests.swift */,
				A4711E5E2A1A90B0A7DC48F3 /* TranscriptionServiceTests.swift */,
			);
			path = DicticusTests;
			sourceTree = "<group>";
		};
		740B53ABA8F4E33530DA2A48 /* Views */ = {
			isa = PBXGroup;
			children = (
				41F13903D57CF4BA4E734A3C /* AiCleanupInfoView.swift */,
				3C2FE4D163039817544B746E /* HotkeySettingsView.swift */,
				BC0CAF13337A0AF85CB46BC3 /* LastTranscriptionView.swift */,
				7C0AE4167DCE62A3BC1B6392 /* MenuBarView.swift */,
				190A391B6BC042BE1B56011B /* OnboardingView.swift */,
				698EE4AB3AE54E73F4342A3B /* PermissionRow.swift */,
				B6356DF22A67C2BF0B6EF82B /* WarmupRow.swift */,
			);
			path = Views;
			sourceTree = "<group>";
		};
		A274C9243C48A5F2EC63FC43 /* Utilities */ = {
			isa = PBXGroup;
			children = (
				9323B1AD9E85950CAD77E332 /* SystemSettingsURLs.swift */,
			);
			path = Utilities;
			sourceTree = "<group>";
		};
		EE4B51AC07CF5D595B3EC54B = {
			isa = PBXGroup;
			children = (
				5553AB83B3012ABB7823274A /* Dicticus */,
				5FDD026702632D8277248E0B /* DicticusTests */,
				25F3ED5DD24C1FE0234A468D /* Products */,
			);
			sourceTree = "<group>";
		};
		F2BDD31317F7D53FF9069687 /* Services */ = {
			isa = PBXGroup;
			children = (
				02A6EC5970559A2E03C1B957 /* CleanupService.swift */,
				516F18D70F7720AD0779EA74 /* HotkeyManager.swift */,
				E33C8ABCB6D20C1919ADA580 /* ModelDownloadService.swift */,
				44EEB61470B43106AF1E43A7 /* ModelWarmupService.swift */,
				4604034FBFBEA9E58ED356E9 /* ModifierHotkeyListener.swift */,
				48F103886FBBE1F7D287929D /* NotificationService.swift */,
				67E8F41AEFC9688C93191DD0 /* PermissionManager.swift */,
				66BF5BACDC7437ABA6D177B9 /* TextInjector.swift */,
				D1E5718DD249C8651C7F1DB0 /* TranscriptionService.swift */,
			);
			path = Services;
			sourceTree = "<group>";
		};
/* End PBXGroup section */

/* Begin PBXNativeTarget section */
		196278924188207EC2516968 /* Dicticus */ = {
			isa = PBXNativeTarget;
			buildConfigurationList = FB78C22088D428E924576329 /* Build configuration list for PBXNativeTarget "Dicticus" */;
			buildPhases = (
				22BFC702DE1F8E50E99114E5 /* Sources */,
				69EB4190656B501203395E5B /* Resources */,
				D298D4A6CBA088479AD8BC40 /* Frameworks */,
			);
			buildRules = (
			);
			dependencies = (
			);
			name = Dicticus;
			packageProductDependencies = (
				383C33859A15C6735C57D628 /* FluidAudio */,
				7EEE03BE235B159651BA8FFD /* KeyboardShortcuts */,
				09CF30D7134E0AFC4C73F1EB /* LaunchAtLogin */,
				E1AE1705DB37CB26927A4AEB /* LlamaSwift */,
			);
			productName = Dicticus;
			productReference = C0781F7C404244283FCD9224 /* Dicticus.app */;
			productType = "com.apple.product-type.application";
		};
		CD5E665CD353CAAD4AED28D2 /* DicticusTests */ = {
			isa = PBXNativeTarget;
			buildConfigurationList = C7CEF697FCF87BA12C5B32EE /* Build configuration list for PBXNativeTarget "DicticusTests" */;
			buildPhases = (
				59C0B8218876393E377E29D4 /* Sources */,
				3B7E2500ADED809A3A9B4E74 /* Frameworks */,
			);
			buildRules = (
			);
			dependencies = (
				FE88439BECAFAAD151BE3F76 /* PBXTargetDependency */,
			);
			name = DicticusTests;
			packageProductDependencies = (
				C2109BE8A6945F9B0A118D59 /* KeyboardShortcuts */,
				B67D618B3FC76641FCD5FF5A /* LlamaSwift */,
			);
			productName = DicticusTests;
			productReference = 960860ACFBAA1B6980CAC734 /* DicticusTests.xctest */;
			productType = "com.apple.product-type.bundle.unit-test";
		};
/* End PBXNativeTarget section */

/* Begin PBXProject section */
		230195C4D16486901F84A540 /* Project object */ = {
			isa = PBXProject;
			attributes = {
				BuildIndependentTargetsInParallel = YES;
				LastUpgradeCheck = 1600;
				TargetAttributes = {
					196278924188207EC2516968 = {
						DevelopmentTeam = "";
						ProvisioningStyle = Automatic;
					};
				};
			};
			buildConfigurationList = 6DA8471CF86D9C85514DF08F /* Build configuration list for PBXProject "Dicticus" */;
			developmentRegion = en;
			hasScannedForEncodings = 0;
			knownRegions = (
				Base,
				en,
			);
			mainGroup = EE4B51AC07CF5D595B3EC54B;
			minimizedProjectReferenceProxies = 1;
			packageReferences = (
				C2D43E6A153D7B70CE02FC46 /* XCRemoteSwiftPackageReference "FluidAudio" */,
				C17528279D6AF803B1F7DBD5 /* XCRemoteSwiftPackageReference "KeyboardShortcuts" */,
				6BE51970D7063D0F06423E17 /* XCRemoteSwiftPackageReference "LaunchAtLogin-Modern" */,
				B5C780019D396C2FA8C65E9E /* XCRemoteSwiftPackageReference "llama.swift" */,
			);
			preferredProjectObjectVersion = 77;
			productRefGroup = 25F3ED5DD24C1FE0234A468D /* Products */;
			projectDirPath = "";
			projectRoot = "";
			targets = (
				196278924188207EC2516968 /* Dicticus */,
				CD5E665CD353CAAD4AED28D2 /* DicticusTests */,
			);
		};
/* End PBXProject section */

/* Begin PBXResourcesBuildPhase section */
		69EB4190656B501203395E5B /* Resources */ = {
			isa = PBXResourcesBuildPhase;
			buildActionMask = 2147483647;
			files = (
				BFDB87F665D7FFABF0692E1A /* Assets.xcassets in Resources */,
			);
			runOnlyForDeploymentPostprocessing = 0;
		};
/* End PBXResourcesBuildPhase section */

/* Begin PBXSourcesBuildPhase section */
		22BFC702DE1F8E50E99114E5 /* Sources */ = {
			isa = PBXSourcesBuildPhase;
			buildActionMask = 2147483647;
			files = (
				0EE3A0B5F33F9185235BD932 /* AiCleanupInfoView.swift in Sources */,
				45D038611054F1572E02B007 /* CleanupPrompt.swift in Sources */,
				176BD3C640724979F26904A0 /* CleanupService.swift in Sources */,
				B6676509A8F22E2B5AD9D74C /* DicticusApp.swift in Sources */,
				6C8F73BDB45903BE78483A79 /* HotkeyManager.swift in Sources */,
				8D907775FA002BFE1DC2F124 /* HotkeySettingsView.swift in Sources */,
				359481C22526F910DD910C0A /* KeyboardShortcuts+Names.swift in Sources */,
				7C2DE853EFA9D981F406B045 /* LastTranscriptionView.swift in Sources */,
				69578D031785C73255C05ECF /* MenuBarView.swift in Sources */,
				9BA32438B0BD5B32F6E6C80D /* ModelDownloadService.swift in Sources */,
				4EBD2D2867D12C548A2E7593 /* ModelWarmupService.swift in Sources */,
				1208F945E6BABF2AFD3362B9 /* ModifierCombo.swift in Sources */,
				E3A6345E30D9044A3B74F2C1 /* ModifierHotkeyListener.swift in Sources */,
				C524718AC8111D53B30A01FD /* NotificationService.swift in Sources */,
				DCE6FEB9117C3D3A4AC2893C /* OnboardingView.swift in Sources */,
				D3C834B96567A3972B2AC116 /* PermissionManager.swift in Sources */,
				2A0BC6A9E3318985B054375B /* PermissionRow.swift in Sources */,
				2CCDDDB512E51308F0A0D6D5 /* SystemSettingsURLs.swift in Sources */,
				6DB82EEF1BC7ABFDDF4ADDA2 /* TextInjector.swift in Sources */,
				62DF49673ACC5EB9F14ABB40 /* TranscriptionResult.swift in Sources */,
				18668EE01D6AAE03785B0B5B /* TranscriptionService.swift in Sources */,
				A00810BCC1BC17FBEAB33FC3 /* WarmupRow.swift in Sources */,
			);
			runOnlyForDeploymentPostprocessing = 0;
		};
		59C0B8218876393E377E29D4 /* Sources */ = {
			isa = PBXSourcesBuildPhase;
			buildActionMask = 2147483647;
			files = (
				C88A581C1776F2B4EFC2C57C /* CleanupPromptTests.swift in Sources */,
				EFF84B780F9C7013E638D533 /* CleanupServiceTests.swift in Sources */,
				D7921F2027C4C789D2D31A62 /* DicticusTests.swift in Sources */,
				2CBB9E936439E4D8CA60F825 /* HotkeyManagerTests.swift in Sources */,
				46B52C3C05E290F9EF02A653 /* ModelDownloadServiceTests.swift in Sources */,
				D40E4EE4B8E09E3462AA5918 /* ModelWarmupServiceTests.swift in Sources */,
				F02F9ADF3A14E1893A9FB86C /* ModifierHotkeyListenerTests.swift in Sources */,
				651F32E3BC46F1B9053994C4 /* NotificationServiceTests.swift in Sources */,
				1E25100633D4BAD07FA4144C /* PermissionManagerTests.swift in Sources */,
				12E045F6B61A40ED87C5657F /* SystemSettingsURLTests.swift in Sources */,
				F6BB8CBCCE3B9B70756B6C39 /* TextInjectorTests.swift in Sources */,
				67FA1FADC5F248B873FC0D05 /* TranscriptionResultTests.swift in Sources */,
				7C61B66CB6F5BB972C92FFFC /* TranscriptionServiceTests.swift in Sources */,
			);
			runOnlyForDeploymentPostprocessing = 0;
		};
/* End PBXSourcesBuildPhase section */

/* Begin PBXTargetDependency section */
		FE88439BECAFAAD151BE3F76 /* PBXTargetDependency */ = {
			isa = PBXTargetDependency;
			target = 196278924188207EC2516968 /* Dicticus */;
			targetProxy = D2E3EE4385559D8132974C66 /* PBXContainerItemProxy */;
		};
/* End PBXTargetDependency section */

/* Begin XCBuildConfiguration section */
		1A923CB7813E98828858E372 /* Debug */ = {
			isa = XCBuildConfiguration;
			buildSettings = {
				ASSETCATALOG_COMPILER_APPICON_NAME = AppIcon;
				CODE_SIGN_ENTITLEMENTS = Dicticus/Dicticus.entitlements;
				CODE_SIGN_STYLE = Automatic;
				COMBINE_HIDPI_IMAGES = YES;
				DEVELOPMENT_TEAM = "";
				ENABLE_HARDENED_RUNTIME = YES;
				ENABLE_USER_SCRIPT_SANDBOXING = NO;
				GENERATE_INFOPLIST_FILE = NO;
				INFOPLIST_FILE = Dicticus/Info.plist;
				LD_RUNPATH_SEARCH_PATHS = (
					"$(inherited)",
					"@executable_path/../Frameworks",
				);
				MACOSX_DEPLOYMENT_TARGET = 15.0;
				OTHER_LDFLAGS = "-framework llama";
				PRODUCT_BUNDLE_IDENTIFIER = com.dicticus.app;
				SDKROOT = macosx;
				SWIFT_VERSION = 6.0;
			};
			name = Debug;
		};
		35F41AFC43AC63FBBE2298E5 /* Release */ = {
			isa = XCBuildConfiguration;
			buildSettings = {
				ASSETCATALOG_COMPILER_APPICON_NAME = AppIcon;
				CODE_SIGN_ENTITLEMENTS = Dicticus/Dicticus.entitlements;
				CODE_SIGN_STYLE = Automatic;
				COMBINE_HIDPI_IMAGES = YES;
				DEVELOPMENT_TEAM = "";
				ENABLE_HARDENED_RUNTIME = YES;
				ENABLE_USER_SCRIPT_SANDBOXING = NO;
				GENERATE_INFOPLIST_FILE = NO;
				INFOPLIST_FILE = Dicticus/Info.plist;
				LD_RUNPATH_SEARCH_PATHS = (
					"$(inherited)",
					"@executable_path/../Frameworks",
				);
				MACOSX_DEPLOYMENT_TARGET = 15.0;
				OTHER_LDFLAGS = "-framework llama";
				PRODUCT_BUNDLE_IDENTIFIER = com.dicticus.app;
				SDKROOT = macosx;
				SWIFT_VERSION = 6.0;
			};
			name = Release;
		};
		814782F8FA93216811E30C32 /* Debug */ = {
			isa = XCBuildConfiguration;
			buildSettings = {
				BUNDLE_LOADER = "$(TEST_HOST)";
				COMBINE_HIDPI_IMAGES = YES;
				GENERATE_INFOPLIST_FILE = YES;
				LD_RUNPATH_SEARCH_PATHS = (
					"$(inherited)",
					"@executable_path/../Frameworks",
					"@loader_path/../Frameworks",
				);
				MACOSX_DEPLOYMENT_TARGET = 15.0;
				PRODUCT_BUNDLE_IDENTIFIER = com.dicticus.DicticusTests;
				SDKROOT = macosx;
				SWIFT_VERSION = 6.0;
				TEST_HOST = "$(BUILT_PRODUCTS_DIR)/Dicticus.app/Contents/MacOS/Dicticus";
			};
			name = Debug;
		};
		89A78E4A4C93269B437D1F75 /* Release */ = {
			isa = XCBuildConfiguration;
			buildSettings = {
				BUNDLE_LOADER = "$(TEST_HOST)";
				COMBINE_HIDPI_IMAGES = YES;
				GENERATE_INFOPLIST_FILE = YES;
				LD_RUNPATH_SEARCH_PATHS = (
					"$(inherited)",
					"@executable_path/../Frameworks",
					"@loader_path/../Frameworks",
				);
				MACOSX_DEPLOYMENT_TARGET = 15.0;
				PRODUCT_BUNDLE_IDENTIFIER = com.dicticus.DicticusTests;
				SDKROOT = macosx;
				SWIFT_VERSION = 6.0;
				TEST_HOST = "$(BUILT_PRODUCTS_DIR)/Dicticus.app/Contents/MacOS/Dicticus";
			};
			name = Release;
		};
		97C184D98842E5E3E9129C0B /* Debug */ = {
			isa = XCBuildConfiguration;
			buildSettings = {
				ALWAYS_SEARCH_USER_PATHS = NO;
				CLANG_ANALYZER_NONNULL = YES;
				CLANG_ANALYZER_NUMBER_OBJECT_CONVERSION = YES_AGGRESSIVE;
				CLANG_CXX_LANGUAGE_STANDARD = "gnu++14";
				CLANG_CXX_LIBRARY = "libc++";
				CLANG_ENABLE_MODULES = YES;
				CLANG_ENABLE_OBJC_ARC = YES;
				CLANG_ENABLE_OBJC_WEAK = YES;
				CLANG_WARN_BLOCK_CAPTURE_AUTORELEASING = YES;
				CLANG_WARN_BOOL_CONVERSION = YES;
				CLANG_WARN_COMMA = YES;
				CLANG_WARN_CONSTANT_CONVERSION = YES;
				CLANG_WARN_DEPRECATED_OBJC_IMPLEMENTATIONS = YES;
				CLANG_WARN_DIRECT_OBJC_ISA_USAGE = YES_ERROR;
				CLANG_WARN_DOCUMENTATION_COMMENTS = YES;
				CLANG_WARN_EMPTY_BODY = YES;
				CLANG_WARN_ENUM_CONVERSION = YES;
				CLANG_WARN_INFINITE_RECURSION = YES;
				CLANG_WARN_INT_CONVERSION = YES;
				CLANG_WARN_NON_LITERAL_NULL_CONVERSION = YES;
				CLANG_WARN_OBJC_IMPLICIT_RETAIN_SELF = YES;
				CLANG_WARN_OBJC_LITERAL_CONVERSION = YES;
				CLANG_WARN_OBJC_ROOT_CLASS = YES_ERROR;
				CLANG_WARN_QUOTED_INCLUDE_IN_FRAMEWORK_HEADER = YES;
				CLANG_WARN_RANGE_LOOP_ANALYSIS = YES;
				CLANG_WARN_STRICT_PROTOTYPES = YES;
				CLANG_WARN_SUSPICIOUS_MOVE = YES;
				CLANG_WARN_UNGUARDED_AVAILABILITY = YES_AGGRESSIVE;
				CLANG_WARN_UNREACHABLE_CODE = YES;
				CLANG_WARN__DUPLICATE_METHOD_MATCH = YES;
				COPY_PHASE_STRIP = NO;
				DEBUG_INFORMATION_FORMAT = dwarf;
				ENABLE_STRICT_OBJC_MSGSEND = YES;
				ENABLE_TESTABILITY = YES;
				GCC_C_LANGUAGE_STANDARD = gnu11;
				GCC_DYNAMIC_NO_PIC = NO;
				GCC_NO_COMMON_BLOCKS = YES;
				GCC_OPTIMIZATION_LEVEL = 0;
				GCC_PREPROCESSOR_DEFINITIONS = (
					"$(inherited)",
					"DEBUG=1",
				);
				GCC_WARN_64_TO_32_BIT_CONVERSION = YES;
				GCC_WARN_ABOUT_RETURN_TYPE = YES_ERROR;
				GCC_WARN_UNDECLARED_SELECTOR = YES;
				GCC_WARN_UNINITIALIZED_AUTOS = YES_AGGRESSIVE;
				GCC_WARN_UNUSED_FUNCTION = YES;
				GCC_WARN_UNUSED_VARIABLE = YES;
				MACOSX_DEPLOYMENT_TARGET = 15.0;
				MTL_ENABLE_DEBUG_INFO = INCLUDE_SOURCE;
				MTL_FAST_MATH = YES;
				ONLY_ACTIVE_ARCH = YES;
				PRODUCT_NAME = "$(TARGET_NAME)";
				SDKROOT = macosx;
				SWIFT_ACTIVE_COMPILATION_CONDITIONS = DEBUG;
				SWIFT_OPTIMIZATION_LEVEL = "-Onone";
				SWIFT_VERSION = 5.0;
			};
			name = Debug;
		};
		CE35075729E7F2D18083F212 /* Release */ = {
			isa = XCBuildConfiguration;
			buildSettings = {
				ALWAYS_SEARCH_USER_PATHS = NO;
				CLANG_ANALYZER_NONNULL = YES;
				CLANG_ANALYZER_NUMBER_OBJECT_CONVERSION = YES_AGGRESSIVE;
				CLANG_CXX_LANGUAGE_STANDARD = "gnu++14";
				CLANG_CXX_LIBRARY = "libc++";
				CLANG_ENABLE_MODULES = YES;
				CLANG_ENABLE_OBJC_ARC = YES;
				CLANG_ENABLE_OBJC_WEAK = YES;
				CLANG_WARN_BLOCK_CAPTURE_AUTORELEASING = YES;
				CLANG_WARN_BOOL_CONVERSION = YES;
				CLANG_WARN_COMMA = YES;
				CLANG_WARN_CONSTANT_CONVERSION = YES;
				CLANG_WARN_DEPRECATED_OBJC_IMPLEMENTATIONS = YES;
				CLANG_WARN_DIRECT_OBJC_ISA_USAGE = YES_ERROR;
				CLANG_WARN_DOCUMENTATION_COMMENTS = YES;
				CLANG_WARN_EMPTY_BODY = YES;
				CLANG_WARN_ENUM_CONVERSION = YES;
				CLANG_WARN_INFINITE_RECURSION = YES;
				CLANG_WARN_INT_CONVERSION = YES;
				CLANG_WARN_NON_LITERAL_NULL_CONVERSION = YES;
				CLANG_WARN_OBJC_IMPLICIT_RETAIN_SELF = YES;
				CLANG_WARN_OBJC_LITERAL_CONVERSION = YES;
				CLANG_WARN_OBJC_ROOT_CLASS = YES_ERROR;
				CLANG_WARN_QUOTED_INCLUDE_IN_FRAMEWORK_HEADER = YES;
				CLANG_WARN_RANGE_LOOP_ANALYSIS = YES;
				CLANG_WARN_STRICT_PROTOTYPES = YES;
				CLANG_WARN_SUSPICIOUS_MOVE = YES;
				CLANG_WARN_UNGUARDED_AVAILABILITY = YES_AGGRESSIVE;
				CLANG_WARN_UNREACHABLE_CODE = YES;
				CLANG_WARN__DUPLICATE_METHOD_MATCH = YES;
				COPY_PHASE_STRIP = NO;
				DEBUG_INFORMATION_FORMAT = "dwarf-with-dsym";
				ENABLE_NS_ASSERTIONS = NO;
				ENABLE_STRICT_OBJC_MSGSEND = YES;
				GCC_C_LANGUAGE_STANDARD = gnu11;
				GCC_NO_COMMON_BLOCKS = YES;
				GCC_WARN_64_TO_32_BIT_CONVERSION = YES;
				GCC_WARN_ABOUT_RETURN_TYPE = YES_ERROR;
				GCC_WARN_UNDECLARED_SELECTOR = YES;
				GCC_WARN_UNINITIALIZED_AUTOS = YES_AGGRESSIVE;
				GCC_WARN_UNUSED_FUNCTION = YES;
				GCC_WARN_UNUSED_VARIABLE = YES;
				MACOSX_DEPLOYMENT_TARGET = 15.0;
				MTL_ENABLE_DEBUG_INFO = NO;
				MTL_FAST_MATH = YES;
				PRODUCT_NAME = "$(TARGET_NAME)";
				SDKROOT = macosx;
				SWIFT_COMPILATION_MODE = wholemodule;
				SWIFT_OPTIMIZATION_LEVEL = "-O";
				SWIFT_VERSION = 5.0;
			};
			name = Release;
		};
/* End XCBuildConfiguration section */

/* Begin XCConfigurationList section */
		6DA8471CF86D9C85514DF08F /* Build configuration list for PBXProject "Dicticus" */ = {
			isa = XCConfigurationList;
			buildConfigurations = (
				97C184D98842E5E3E9129C0B /* Debug */,
				CE35075729E7F2D18083F212 /* Release */,
			);
			defaultConfigurationIsVisible = 0;
			defaultConfigurationName = Debug;
		};
		C7CEF697FCF87BA12C5B32EE /* Build configuration list for PBXNativeTarget "DicticusTests" */ = {
			isa = XCConfigurationList;
			buildConfigurations = (
				814782F8FA93216811E30C32 /* Debug */,
				89A78E4A4C93269B437D1F75 /* Release */,
			);
			defaultConfigurationIsVisible = 0;
			defaultConfigurationName = Debug;
		};
		FB78C22088D428E924576329 /* Build configuration list for PBXNativeTarget "Dicticus" */ = {
			isa = XCConfigurationList;
			buildConfigurations = (
				1A923CB7813E98828858E372 /* Debug */,
				35F41AFC43AC63FBBE2298E5 /* Release */,
			);
			defaultConfigurationIsVisible = 0;
			defaultConfigurationName = Debug;
		};
/* End XCConfigurationList section */

/* Begin XCRemoteSwiftPackageReference section */
		6BE51970D7063D0F06423E17 /* XCRemoteSwiftPackageReference "LaunchAtLogin-Modern" */ = {
			isa = XCRemoteSwiftPackageReference;
			repositoryURL = "https://github.com/sindresorhus/LaunchAtLogin-Modern.git";
			requirement = {
				kind = upToNextMajorVersion;
				minimumVersion = 1.1.0;
			};
		};
		B5C780019D396C2FA8C65E9E /* XCRemoteSwiftPackageReference "llama.swift" */ = {
			isa = XCRemoteSwiftPackageReference;
			repositoryURL = "https://github.com/mattt/llama.swift.git";
			requirement = {
				kind = upToNextMajorVersion;
				minimumVersion = 2.8832.0;
			};
		};
		C17528279D6AF803B1F7DBD5 /* XCRemoteSwiftPackageReference "KeyboardShortcuts" */ = {
			isa = XCRemoteSwiftPackageReference;
			repositoryURL = "https://github.com/sindresorhus/KeyboardShortcuts.git";
			requirement = {
				kind = upToNextMajorVersion;
				minimumVersion = 2.4.0;
			};
		};
		C2D43E6A153D7B70CE02FC46 /* XCRemoteSwiftPackageReference "FluidAudio" */ = {
			isa = XCRemoteSwiftPackageReference;
			repositoryURL = "https://github.com/FluidInference/FluidAudio.git";
			requirement = {
				kind = upToNextMajorVersion;
				minimumVersion = 0.13.6;
			};
		};
/* End XCRemoteSwiftPackageReference section */

/* Begin XCSwiftPackageProductDependency section */
		09CF30D7134E0AFC4C73F1EB /* LaunchAtLogin */ = {
			isa = XCSwiftPackageProductDependency;
			package = 6BE51970D7063D0F06423E17 /* XCRemoteSwiftPackageReference "LaunchAtLogin-Modern" */;
			productName = LaunchAtLogin;
		};
		383C33859A15C6735C57D628 /* FluidAudio */ = {
			isa = XCSwiftPackageProductDependency;
			package = C2D43E6A153D7B70CE02FC46 /* XCRemoteSwiftPackageReference "FluidAudio" */;
			productName = FluidAudio;
		};
		7EEE03BE235B159651BA8FFD /* KeyboardShortcuts */ = {
			isa = XCSwiftPackageProductDependency;
			package = C17528279D6AF803B1F7DBD5 /* XCRemoteSwiftPackageReference "KeyboardShortcuts" */;
			productName = KeyboardShortcuts;
		};
		B67D618B3FC76641FCD5FF5A /* LlamaSwift */ = {
			isa = XCSwiftPackageProductDependency;
			package = B5C780019D396C2FA8C65E9E /* XCRemoteSwiftPackageReference "llama.swift" */;
			productName = LlamaSwift;
		};
		C2109BE8A6945F9B0A118D59 /* KeyboardShortcuts */ = {
			isa = XCSwiftPackageProductDependency;
			package = C17528279D6AF803B1F7DBD5 /* XCRemoteSwiftPackageReference "KeyboardShortcuts" */;
			productName = KeyboardShortcuts;
		};
		E1AE1705DB37CB26927A4AEB /* LlamaSwift */ = {
			isa = XCSwiftPackageProductDependency;
			package = B5C780019D396C2FA8C65E9E /* XCRemoteSwiftPackageReference "llama.swift" */;
			productName = LlamaSwift;
		};
/* End XCSwiftPackageProductDependency section */
	};
	rootObject = 230195C4D16486901F84A540 /* Project object */;
}
